
Microsoft Visual Studio Solution File, Format Version 12.00
Project("{FAE04EC0-301F-11D3-BF4B-00C04F79EFBC}") = "Assignment1", "Assignment1\Assignment1.csproj", "{B84854F1-6ED8-4B7B-AD0D-8AEB5EB48157}"
EndProject
Global
	GlobalSection(SolutionConfigurationPlatforms) = preSolution
		Debug|Any CPU = Debug|Any CPU
		Release|Any CPU = Release|Any CPU
	EndGlobalSection
	GlobalSection(ProjectConfigurationPlatforms) = postSolution
		{B84854F1-6ED8-4B7B-AD0D-8AEB5EB48157}.Debug|Any CPU.ActiveCfg = Debug|Any CPU
		{B84854F1-6ED8-4B7B-AD0D-8AEB5EB48157}.Debug|Any CPU.Build.0 = Debug|Any CPU
		{B84854F1-6ED8-4B7B-AD0D-8AEB5EB48157}.Release|Any CPU.ActiveCfg = Release|Any CPU
		{B84854F1-6ED8-4B7B-AD0D-8AEB5EB48157}.Release|Any CPU.Build.0 = Release|Any CPU
	EndGlobalSection
EndGlobal
